
Microsoft Visual Studio Solution File, Format Version 12.00
# Visual Studio Version 17
VisualStudioVersion = 17.2.32505.173
MinimumVisualStudioVersion = 10.0.40219.1
Project("{FAE04EC0-301F-11D3-BF4B-00C04F79EFBC}") = "ModalApp", "ModalApp\ModalApp.csproj", "{DFEE0CDD-8B77-4885-8F0A-2DD54543A80E}"
EndProject
Global
	GlobalSection(SolutionConfigurationPlatforms) = preSolution
		Debug|Any CPU = Debug|Any CPU
		Release|Any CPU = Release|Any CPU
	EndGlobalSection
	GlobalSection(ProjectConfigurationPlatforms) = postSolution
		{DFEE0CDD-8B77-4885-8F0A-2DD54543A80E}.Debug|Any CPU.ActiveCfg = Debug|Any CPU
		{DFEE0CDD-8B77-4885-8F0A-2DD54543A80E}.Debug|Any CPU.Build.0 = Debug|Any CPU
		{DFEE0CDD-8B77-4885-8F0A-2DD54543A80E}.Release|Any CPU.ActiveCfg = Release|Any CPU
		{DFEE0CDD-8B77-4885-8F0A-2DD54543A80E}.Release|Any CPU.Build.0 = Release|Any CPU
	EndGlobalSection
	GlobalSection(SolutionProperties) = preSolution
		HideSolutionNode = FALSE
	EndGlobalSection
	GlobalSection(ExtensibilityGlobals) = postSolution
		SolutionGuid = {C70422FF-F19C-42DA-86E6-75D936BF8180}
	EndGlobalSection
EndGlobal
